
Microsoft Visual Studio Solution File, Format Version 12.00
# Visual Studio Version 17
VisualStudioVersion = 17.2.32519.379
MinimumVisualStudioVersion = 10.0.40219.1
Project("{FAE04EC0-301F-11D3-BF4B-00C04F79EFBC}") = "MaterializedPathTreeAPI", "MaterializedPathTreeAPI.csproj", "{6BA3C8D6-13F1-4753-8B7D-FA79963FA22A}"
EndProject
Global
	GlobalSection(SolutionConfigurationPlatforms) = preSolution
		Debug|Any CPU = Debug|Any CPU
		Release|Any CPU = Release|Any CPU
	EndGlobalSection
	GlobalSection(ProjectConfigurationPlatforms) = postSolution
		{6BA3C8D6-13F1-4753-8B7D-FA79963FA22A}.Debug|Any CPU.ActiveCfg = Debug|Any CPU
		{6BA3C8D6-13F1-4753-8B7D-FA79963FA22A}.Debug|Any CPU.Build.0 = Debug|Any CPU
		{6BA3C8D6-13F1-4753-8B7D-FA79963FA22A}.Release|Any CPU.ActiveCfg = Release|Any CPU
		{6BA3C8D6-13F1-4753-8B7D-FA79963FA22A}.Release|Any CPU.Build.0 = Release|Any CPU
	EndGlobalSection
	GlobalSection(SolutionProperties) = preSolution
		HideSolutionNode = FALSE
	EndGlobalSection
	GlobalSection(ExtensibilityGlobals) = postSolution
		SolutionGuid = {3C1DA821-9DF2-4811-ACD3-A81A1F6CF0D4}
	EndGlobalSection
EndGlobal
